
Microsoft Visual Studio Solution File, Format Version 12.00
# Visual Studio 15
VisualStudioVersion = 15.0.27428.2043
MinimumVisualStudioVersion = 10.0.40219.1
Project("{9A19103F-16F7-4668-BE54-9A1E7A4F7556}") = "WordStudy.WebApi", "WordStudy.WebApi\WordStudy.WebApi.csproj", "{37038918-BD65-4A92-B202-E2ABE982B0F9}"
EndProject
Global
	GlobalSection(SolutionConfigurationPlatforms) = preSolution
		Debug|Any CPU = Debug|Any CPU
		Release|Any CPU = Release|Any CPU
	EndGlobalSection
	GlobalSection(ProjectConfigurationPlatforms) = postSolution
		{37038918-BD65-4A92-B202-E2ABE982B0F9}.Debug|Any CPU.ActiveCfg = Debug|Any CPU
		{37038918-BD65-4A92-B202-E2ABE982B0F9}.Debug|Any CPU.Build.0 = Debug|Any CPU
		{37038918-BD65-4A92-B202-E2ABE982B0F9}.Release|Any CPU.ActiveCfg = Release|Any CPU
		{37038918-BD65-4A92-B202-E2ABE982B0F9}.Release|Any CPU.Build.0 = Release|Any CPU
	EndGlobalSection
	GlobalSection(SolutionProperties) = preSolution
		HideSolutionNode = FALSE
	EndGlobalSection
	GlobalSection(ExtensibilityGlobals) = postSolution
		SolutionGuid = {0ED8CAFD-0F1D-44D3-9BD2-C9238A2460F9}
	EndGlobalSection
EndGlobal
